// !$*UTF8*$!
{
	archiveVersion = 1;
	classes = {
	};
	objectVersion = 52;
	objects = {

/* Begin PBXBuildFile section */
		8B639EF526663F9500805819 /* NewsfeedCell.swift in Sources */ = {isa = PBXBuildFile; fileRef = 8B639EF426663F9500805819 /* NewsfeedCell.swift */; };
		8B639EF726663FBF00805819 /* NewsfeedCell.xib in Resources */ = {isa = PBXBuildFile; fileRef = 8B639EF626663FBF00805819 /* NewsfeedCell.xib */; };
		8B68A176265A350A00E7DAAD /* NetworkService.swift in Sources */ = {isa = PBXBuildFile; fileRef = 8B68A175265A350A00E7DAAD /* NetworkService.swift */; };
		8B68A178265A361400E7DAAD /* API.swift in Sources */ = {isa = PBXBuildFile; fileRef = 8B68A177265A361400E7DAAD /* API.swift */; };
		8B68A17B265A5F1900E7DAAD /* FeedResponse.swift in Sources */ = {isa = PBXBuildFile; fileRef = 8B68A17A265A5F1900E7DAAD /* FeedResponse.swift */; };
		8B68A17D265A604100E7DAAD /* NetworkDataFetcher.swift in Sources */ = {isa = PBXBuildFile; fileRef = 8B68A17C265A604100E7DAAD /* NetworkDataFetcher.swift */; };
		8B68A186265A70EE00E7DAAD /* NewsfeedPresenter.swift in Sources */ = {isa = PBXBuildFile; fileRef = 8B68A17F265A70EE00E7DAAD /* NewsfeedPresenter.swift */; };
		8B68A187265A70EE00E7DAAD /* NewsfeedWorker.swift in Sources */ = {isa = PBXBuildFile; fileRef = 8B68A180265A70EE00E7DAAD /* NewsfeedWorker.swift */; };
		8B68A188265A70EE00E7DAAD /* NewsfeedRouter.swift in Sources */ = {isa = PBXBuildFile; fileRef = 8B68A181265A70EE00E7DAAD /* NewsfeedRouter.swift */; };
		8B68A189265A70EE00E7DAAD /* NewsfeedModels.swift in Sources */ = {isa = PBXBuildFile; fileRef = 8B68A182265A70EE00E7DAAD /* NewsfeedModels.swift */; };
		8B68A18A265A70EE00E7DAAD /* NewsfeedViewController.swift in Sources */ = {isa = PBXBuildFile; fileRef = 8B68A183265A70EE00E7DAAD /* NewsfeedViewController.swift */; };
		8B68A18B265A70EE00E7DAAD /* NewsfeedInteractor.swift in Sources */ = {isa = PBXBuildFile; fileRef = 8B68A184265A70EE00E7DAAD /* NewsfeedInteractor.swift */; };
		8B68A18E265AE1B000E7DAAD /* NewsfeedViewController.storyboard in Resources */ = {isa = PBXBuildFile; fileRef = 8B68A18D265AE1B000E7DAAD /* NewsfeedViewController.storyboard */; };
		8B6BE3342667B71A0044CEA4 /* WebImageView.swift in Sources */ = {isa = PBXBuildFile; fileRef = 8B6BE3332667B71A0044CEA4 /* WebImageView.swift */; };
		8BCF85902658F16F0038C0EC /* AppDelegate.swift in Sources */ = {isa = PBXBuildFile; fileRef = 8BCF858F2658F16F0038C0EC /* AppDelegate.swift */; };
		8BCF85922658F16F0038C0EC /* SceneDelegate.swift in Sources */ = {isa = PBXBuildFile; fileRef = 8BCF85912658F16F0038C0EC /* SceneDelegate.swift */; };
		8BCF85942658F16F0038C0EC /* AuthViewController.swift in Sources */ = {isa = PBXBuildFile; fileRef = 8BCF85932658F16F0038C0EC /* AuthViewController.swift */; };
		8BCF85992658F1750038C0EC /* Assets.xcassets in Resources */ = {isa = PBXBuildFile; fileRef = 8BCF85982658F1750038C0EC /* Assets.xcassets */; };
		8BCF859C2658F1750038C0EC /* LaunchScreen.storyboard in Resources */ = {isa = PBXBuildFile; fileRef = 8BCF859A2658F1750038C0EC /* LaunchScreen.storyboard */; };
		8BCF85B32659076B0038C0EC /* VKSdkFramework.xcframework in Frameworks */ = {isa = PBXBuildFile; fileRef = 8BCF85B22659076B0038C0EC /* VKSdkFramework.xcframework */; };
		8BCF85B42659076B0038C0EC /* VKSdkFramework.xcframework in Embed Frameworks */ = {isa = PBXBuildFile; fileRef = 8BCF85B22659076B0038C0EC /* VKSdkFramework.xcframework */; settings = {ATTRIBUTES = (CodeSignOnCopy, RemoveHeadersOnCopy, ); }; };
		8BCF85B72659091C0038C0EC /* AuthService.swift in Sources */ = {isa = PBXBuildFile; fileRef = 8BCF85B62659091C0038C0EC /* AuthService.swift */; };
		8BCF85BA26590B7F0038C0EC /* AuthViewController.storyboard in Resources */ = {isa = PBXBuildFile; fileRef = 8BCF85B926590B7F0038C0EC /* AuthViewController.storyboard */; };
/* End PBXBuildFile section */

/* Begin PBXCopyFilesBuildPhase section */
		8BCF85B52659076B0038C0EC /* Embed Frameworks */ = {
			isa = PBXCopyFilesBuildPhase;
			buildActionMask = 2147483647;
			dstPath = "";
			dstSubfolderSpec = 10;
			files = (
				8BCF85B42659076B0038C0EC /* VKSdkFramework.xcframework in Embed Frameworks */,
			);
			name = "Embed Frameworks";
			runOnlyForDeploymentPostprocessing = 0;
		};
/* End PBXCopyFilesBuildPhase section */

/* Begin PBXFileReference section */
		8B639EF426663F9500805819 /* NewsfeedCell.swift */ = {isa = PBXFileReference; lastKnownFileType = sourcecode.swift; path = NewsfeedCell.swift; sourceTree = "<group>"; };
		8B639EF626663FBF00805819 /* NewsfeedCell.xib */ = {isa = PBXFileReference; lastKnownFileType = file.xib; path = NewsfeedCell.xib; sourceTree = "<group>"; };
		8B68A175265A350A00E7DAAD /* NetworkService.swift */ = {isa = PBXFileReference; lastKnownFileType = sourcecode.swift; path = NetworkService.swift; sourceTree = "<group>"; };
		8B68A177265A361400E7DAAD /* API.swift */ = {isa = PBXFileReference; lastKnownFileType = sourcecode.swift; path = API.swift; sourceTree = "<group>"; };
		8B68A17A265A5F1900E7DAAD /* FeedResponse.swift */ = {isa = PBXFileReference; lastKnownFileType = sourcecode.swift; path = FeedResponse.swift; sourceTree = "<group>"; };
		8B68A17C265A604100E7DAAD /* NetworkDataFetcher.swift */ = {isa = PBXFileReference; lastKnownFileType = sourcecode.swift; path = NetworkDataFetcher.swift; sourceTree = "<group>"; };
		8B68A17F265A70EE00E7DAAD /* NewsfeedPresenter.swift */ = {isa = PBXFileReference; lastKnownFileType = sourcecode.swift; path = NewsfeedPresenter.swift; sourceTree = "<group>"; };
		8B68A180265A70EE00E7DAAD /* NewsfeedWorker.swift */ = {isa = PBXFileReference; lastKnownFileType = sourcecode.swift; path = NewsfeedWorker.swift; sourceTree = "<group>"; };
		8B68A181265A70EE00E7DAAD /* NewsfeedRouter.swift */ = {isa = PBXFileReference; lastKnownFileType = sourcecode.swift; path = NewsfeedRouter.swift; sourceTree = "<group>"; };
		8B68A182265A70EE00E7DAAD /* NewsfeedModels.swift */ = {isa = PBXFileReference; lastKnownFileType = sourcecode.swift; path = NewsfeedModels.swift; sourceTree = "<group>"; };
		8B68A183265A70EE00E7DAAD /* NewsfeedViewController.swift */ = {isa = PBXFileReference; lastKnownFileType = sourcecode.swift; path = NewsfeedViewController.swift; sourceTree = "<group>"; };
		8B68A184265A70EE00E7DAAD /* NewsfeedInteractor.swift */ = {isa = PBXFileReference; lastKnownFileType = sourcecode.swift; path = NewsfeedInteractor.swift; sourceTree = "<group>"; };
		8B68A18D265AE1B000E7DAAD /* NewsfeedViewController.storyboard */ = {isa = PBXFileReference; lastKnownFileType = file.storyboard; path = NewsfeedViewController.storyboard; sourceTree = "<group>"; };
		8B6BE3332667B71A0044CEA4 /* WebImageView.swift */ = {isa = PBXFileReference; lastKnownFileType = sourcecode.swift; path = WebImageView.swift; sourceTree = "<group>"; };
		8BCF858C2658F16F0038C0EC /* VkNewsFeed.app */ = {isa = PBXFileReference; explicitFileType = wrapper.application; includeInIndex = 0; path = VkNewsFeed.app; sourceTree = BUILT_PRODUCTS_DIR; };
		8BCF858F2658F16F0038C0EC /* AppDelegate.swift */ = {isa = PBXFileReference; lastKnownFileType = sourcecode.swift; path = AppDelegate.swift; sourceTree = "<group>"; };
		8BCF85912658F16F0038C0EC /* SceneDelegate.swift */ = {isa = PBXFileReference; lastKnownFileType = sourcecode.swift; path = SceneDelegate.swift; sourceTree = "<group>"; };
		8BCF85932658F16F0038C0EC /* AuthViewController.swift */ = {isa = PBXFileReference; lastKnownFileType = sourcecode.swift; path = AuthViewController.swift; sourceTree = "<group>"; };
		8BCF85982658F1750038C0EC /* Assets.xcassets */ = {isa = PBXFileReference; lastKnownFileType = folder.assetcatalog; path = Assets.xcassets; sourceTree = "<group>"; };
		8BCF859B2658F1750038C0EC /* Base */ = {isa = PBXFileReference; lastKnownFileType = file.storyboard; name = Base; path = Base.lproj/LaunchScreen.storyboard; sourceTree = "<group>"; };
		8BCF859D2658F1750038C0EC /* Info.plist */ = {isa = PBXFileReference; lastKnownFileType = text.plist.xml; path = Info.plist; sourceTree = "<group>"; };
		8BCF85B22659076B0038C0EC /* VKSdkFramework.xcframework */ = {isa = PBXFileReference; lastKnownFileType = wrapper.xcframework; name = VKSdkFramework.xcframework; path = Carthage/Build/VKSdkFramework.xcframework; sourceTree = "<group>"; };
		8BCF85B62659091C0038C0EC /* AuthService.swift */ = {isa = PBXFileReference; lastKnownFileType = sourcecode.swift; path = AuthService.swift; sourceTree = "<group>"; };
		8BCF85B926590B7F0038C0EC /* AuthViewController.storyboard */ = {isa = PBXFileReference; lastKnownFileType = file.storyboard; path = AuthViewController.storyboard; sourceTree = "<group>"; };
/* End PBXFileReference section */

/* Begin PBXFrameworksBuildPhase section */
		8BCF85892658F16F0038C0EC /* Frameworks */ = {
			isa = PBXFrameworksBuildPhase;
			buildActionMask = 2147483647;
			files = (
				8BCF85B32659076B0038C0EC /* VKSdkFramework.xcframework in Frameworks */,
			);
			runOnlyForDeploymentPostprocessing = 0;
		};
/* End PBXFrameworksBuildPhase section */

/* Begin PBXGroup section */
		8B639EF326663F6100805819 /* Cell */ = {
			isa = PBXGroup;
			children = (
				8B639EF426663F9500805819 /* NewsfeedCell.swift */,
				8B639EF626663FBF00805819 /* NewsfeedCell.xib */,
			);
			path = Cell;
			sourceTree = "<group>";
		};
		8B68A16F265A2AA900E7DAAD /* Auth */ = {
			isa = PBXGroup;
			children = (
				8BCF85932658F16F0038C0EC /* AuthViewController.swift */,
				8BCF85B926590B7F0038C0EC /* AuthViewController.storyboard */,
			);
			path = Auth;
			sourceTree = "<group>";
		};
		8B68A179265A5F0500E7DAAD /* Models */ = {
			isa = PBXGroup;
			children = (
				8B68A17A265A5F1900E7DAAD /* FeedResponse.swift */,
			);
			path = Models;
			sourceTree = "<group>";
		};
		8B68A17E265A709D00E7DAAD /* NewsFeed */ = {
			isa = PBXGroup;
			children = (
				8B639EF326663F6100805819 /* Cell */,
				8B68A18D265AE1B000E7DAAD /* NewsfeedViewController.storyboard */,
				8B68A183265A70EE00E7DAAD /* NewsfeedViewController.swift */,
				8B68A184265A70EE00E7DAAD /* NewsfeedInteractor.swift */,
				8B68A17F265A70EE00E7DAAD /* NewsfeedPresenter.swift */,
				8B68A182265A70EE00E7DAAD /* NewsfeedModels.swift */,
				8B68A180265A70EE00E7DAAD /* NewsfeedWorker.swift */,
				8B68A181265A70EE00E7DAAD /* NewsfeedRouter.swift */,
			);
			path = NewsFeed;
			sourceTree = "<group>";
		};
		8B6BE3322667B6FA0044CEA4 /* Helpers */ = {
			isa = PBXGroup;
			children = (
				8B6BE3332667B71A0044CEA4 /* WebImageView.swift */,
			);
			path = Helpers;
			sourceTree = "<group>";
		};
		8BCF85832658F16F0038C0EC = {
			isa = PBXGroup;
			children = (
				8BCF858E2658F16F0038C0EC /* VkNewsFeed */,
				8BCF858D2658F16F0038C0EC /* Products */,
				8BCF85A52658F8B90038C0EC /* Frameworks */,
			);
			sourceTree = "<group>";
		};
		8BCF858D2658F16F0038C0EC /* Products */ = {
			isa = PBXGroup;
			children = (
				8BCF858C2658F16F0038C0EC /* VkNewsFeed.app */,
			);
			name = Products;
			sourceTree = "<group>";
		};
		8BCF858E2658F16F0038C0EC /* VkNewsFeed */ = {
			isa = PBXGroup;
			children = (
				8B6BE3322667B6FA0044CEA4 /* Helpers */,
				8BCF858F2658F16F0038C0EC /* AppDelegate.swift */,
				8BCF85912658F16F0038C0EC /* SceneDelegate.swift */,
				8B68A16F265A2AA900E7DAAD /* Auth */,
				8B68A17E265A709D00E7DAAD /* NewsFeed */,
				8BCF85B82659092B0038C0EC /* Services */,
				8BCF85982658F1750038C0EC /* Assets.xcassets */,
				8BCF859A2658F1750038C0EC /* LaunchScreen.storyboard */,
				8BCF859D2658F1750038C0EC /* Info.plist */,
			);
			path = VkNewsFeed;
			sourceTree = "<group>";
		};
		8BCF85A52658F8B90038C0EC /* Frameworks */ = {
			isa = PBXGroup;
			children = (
				8BCF85B22659076B0038C0EC /* VKSdkFramework.xcframework */,
			);
			name = Frameworks;
			sourceTree = "<group>";
		};
		8BCF85B82659092B0038C0EC /* Services */ = {
			isa = PBXGroup;
			children = (
				8B68A179265A5F0500E7DAAD /* Models */,
				8BCF85B62659091C0038C0EC /* AuthService.swift */,
				8B68A175265A350A00E7DAAD /* NetworkService.swift */,
				8B68A177265A361400E7DAAD /* API.swift */,
				8B68A17C265A604100E7DAAD /* NetworkDataFetcher.swift */,
			);
			path = Services;
			sourceTree = "<group>";
		};
/* End PBXGroup section */

/* Begin PBXNativeTarget section */
		8BCF858B2658F16F0038C0EC /* VkNewsFeed */ = {
			isa = PBXNativeTarget;
			buildConfigurationList = 8BCF85A02658F1750038C0EC /* Build configuration list for PBXNativeTarget "VkNewsFeed" */;
			buildPhases = (
				8BCF85882658F16F0038C0EC /* Sources */,
				8BCF85892658F16F0038C0EC /* Frameworks */,
				8BCF858A2658F16F0038C0EC /* Resources */,
				8BCF85A42658F8160038C0EC /* ShellScript */,
				8BCF85B52659076B0038C0EC /* Embed Frameworks */,
			);
			buildRules = (
			);
			dependencies = (
			);
			name = VkNewsFeed;
			productName = VkNewsFeed;
			productReference = 8BCF858C2658F16F0038C0EC /* VkNewsFeed.app */;
			productType = "com.apple.product-type.application";
		};
/* End PBXNativeTarget section */

/* Begin PBXProject section */
		8BCF85842658F16F0038C0EC /* Project object */ = {
			isa = PBXProject;
			attributes = {
				LastSwiftUpdateCheck = 1240;
				LastUpgradeCheck = 1240;
				TargetAttributes = {
					8BCF858B2658F16F0038C0EC = {
						CreatedOnToolsVersion = 12.4;
					};
				};
			};
			buildConfigurationList = 8BCF85872658F16F0038C0EC /* Build configuration list for PBXProject "VkNewsFeed" */;
			compatibilityVersion = "Xcode 9.3";
			developmentRegion = en;
			hasScannedForEncodings = 0;
			knownRegions = (
				en,
				Base,
			);
			mainGroup = 8BCF85832658F16F0038C0EC;
			productRefGroup = 8BCF858D2658F16F0038C0EC /* Products */;
			projectDirPath = "";
			projectRoot = "";
			targets = (
				8BCF858B2658F16F0038C0EC /* VkNewsFeed */,
			);
		};
/* End PBXProject section */

/* Begin PBXResourcesBuildPhase section */
		8BCF858A2658F16F0038C0EC /* Resources */ = {
			isa = PBXResourcesBuildPhase;
			buildActionMask = 2147483647;
			files = (
				8BCF859C2658F1750038C0EC /* LaunchScreen.storyboard in Resources */,
				8B68A18E265AE1B000E7DAAD /* NewsfeedViewController.storyboard in Resources */,
				8BCF85BA26590B7F0038C0EC /* AuthViewController.storyboard in Resources */,
				8BCF85992658F1750038C0EC /* Assets.xcassets in Resources */,
				8B639EF726663FBF00805819 /* NewsfeedCell.xib in Resources */,
			);
			runOnlyForDeploymentPostprocessing = 0;
		};
/* End PBXResourcesBuildPhase section */

/* Begin PBXShellScriptBuildPhase section */
		8BCF85A42658F8160038C0EC /* ShellScript */ = {
			isa = PBXShellScriptBuildPhase;
			buildActionMask = 2147483647;
			files = (
			);
			inputFileListPaths = (
			);
			inputPaths = (
				"$(SRCROOT)/Carthage/Build/iOS/VKSdkFramework.framework",
			);
			outputFileListPaths = (
			);
			outputPaths = (
			);
			runOnlyForDeploymentPostprocessing = 0;
			shellPath = /bin/sh;
			shellScript = "/usr/local/bin/carthage copy-frameworks\n";
		};
/* End PBXShellScriptBuildPhase section */

/* Begin PBXSourcesBuildPhase section */
		8BCF85882658F16F0038C0EC /* Sources */ = {
			isa = PBXSourcesBuildPhase;
			buildActionMask = 2147483647;
			files = (
				8B68A17B265A5F1900E7DAAD /* FeedResponse.swift in Sources */,
				8B68A18A265A70EE00E7DAAD /* NewsfeedViewController.swift in Sources */,
				8BCF85942658F16F0038C0EC /* AuthViewController.swift in Sources */,
				8BCF85902658F16F0038C0EC /* AppDelegate.swift in Sources */,
				8B68A186265A70EE00E7DAAD /* NewsfeedPresenter.swift in Sources */,
				8B68A188265A70EE00E7DAAD /* NewsfeedRouter.swift in Sources */,
				8BCF85922658F16F0038C0EC /* SceneDelegate.swift in Sources */,
				8B68A176265A350A00E7DAAD /* NetworkService.swift in Sources */,
				8B68A189265A70EE00E7DAAD /* NewsfeedModels.swift in Sources */,
				8B6BE3342667B71A0044CEA4 /* WebImageView.swift in Sources */,
				8B68A17D265A604100E7DAAD /* NetworkDataFetcher.swift in Sources */,
				8B68A187265A70EE00E7DAAD /* NewsfeedWorker.swift in Sources */,
				8BCF85B72659091C0038C0EC /* AuthService.swift in Sources */,
				8B68A178265A361400E7DAAD /* API.swift in Sources */,
				8B639EF526663F9500805819 /* NewsfeedCell.swift in Sources */,
				8B68A18B265A70EE00E7DAAD /* NewsfeedInteractor.swift in Sources */,
			);
			runOnlyForDeploymentPostprocessing = 0;
		};
/* End PBXSourcesBuildPhase section */

/* Begin PBXVariantGroup section */
		8BCF859A2658F1750038C0EC /* LaunchScreen.storyboard */ = {
			isa = PBXVariantGroup;
			children = (
				8BCF859B2658F1750038C0EC /* Base */,
			);
			name = LaunchScreen.storyboard;
			sourceTree = "<group>";
		};
/* End PBXVariantGroup section */

/* Begin XCBuildConfiguration section */
		8BCF859E2658F1750038C0EC /* Debug */ = {
			isa = XCBuildConfiguration;
			buildSettings = {
				ALWAYS_SEARCH_USER_PATHS = NO;
				CLANG_ANALYZER_NONNULL = YES;
				CLANG_ANALYZER_NUMBER_OBJECT_CONVERSION = YES_AGGRESSIVE;
				CLANG_CXX_LANGUAGE_STANDARD = "gnu++14";
				CLANG_CXX_LIBRARY = "libc++";
				CLANG_ENABLE_MODULES = YES;
				CLANG_ENABLE_OBJC_ARC = YES;
				CLANG_ENABLE_OBJC_WEAK = YES;
				CLANG_WARN_BLOCK_CAPTURE_AUTORELEASING = YES;
				CLANG_WARN_BOOL_CONVERSION = YES;
				CLANG_WARN_COMMA = YES;
				CLANG_WARN_CONSTANT_CONVERSION = YES;
				CLANG_WARN_DEPRECATED_OBJC_IMPLEMENTATIONS = YES;
				CLANG_WARN_DIRECT_OBJC_ISA_USAGE = YES_ERROR;
				CLANG_WARN_DOCUMENTATION_COMMENTS = YES;
				CLANG_WARN_EMPTY_BODY = YES;
				CLANG_WARN_ENUM_CONVERSION = YES;
				CLANG_WARN_INFINITE_RECURSION = YES;
				CLANG_WARN_INT_CONVERSION = YES;
				CLANG_WARN_NON_LITERAL_NULL_CONVERSION = YES;
				CLANG_WARN_OBJC_IMPLICIT_RETAIN_SELF = YES;
				CLANG_WARN_OBJC_LITERAL_CONVERSION = YES;
				CLANG_WARN_OBJC_ROOT_CLASS = YES_ERROR;
				CLANG_WARN_QUOTED_INCLUDE_IN_FRAMEWORK_HEADER = YES;
				CLANG_WARN_RANGE_LOOP_ANALYSIS = YES;
				CLANG_WARN_STRICT_PROTOTYPES = YES;
				CLANG_WARN_SUSPICIOUS_MOVE = YES;
				CLANG_WARN_UNGUARDED_AVAILABILITY = YES_AGGRESSIVE;
				CLANG_WARN_UNREACHABLE_CODE = YES;
				CLANG_WARN__DUPLICATE_METHOD_MATCH = YES;
				COPY_PHASE_STRIP = NO;
				DEBUG_INFORMATION_FORMAT = dwarf;
				ENABLE_STRICT_OBJC_MSGSEND = YES;
				ENABLE_TESTABILITY = YES;
				GCC_C_LANGUAGE_STANDARD = gnu11;
				GCC_DYNAMIC_NO_PIC = NO;
				GCC_NO_COMMON_BLOCKS = YES;
				GCC_OPTIMIZATION_LEVEL = 0;
				GCC_PREPROCESSOR_DEFINITIONS = (
					"DEBUG=1",
					"$(inherited)",
				);
				GCC_WARN_64_TO_32_BIT_CONVERSION = YES;
				GCC_WARN_ABOUT_RETURN_TYPE = YES_ERROR;
				GCC_WARN_UNDECLARED_SELECTOR = YES;
				GCC_WARN_UNINITIALIZED_AUTOS = YES_AGGRESSIVE;
				GCC_WARN_UNUSED_FUNCTION = YES;
				GCC_WARN_UNUSED_VARIABLE = YES;
				IPHONEOS_DEPLOYMENT_TARGET = 14.4;
				MTL_ENABLE_DEBUG_INFO = INCLUDE_SOURCE;
				MTL_FAST_MATH = YES;
				ONLY_ACTIVE_ARCH = YES;
				SDKROOT = iphoneos;
				SWIFT_ACTIVE_COMPILATION_CONDITIONS = DEBUG;
				SWIFT_OPTIMIZATION_LEVEL = "-Onone";
			};
			name = Debug;
		};
		8BCF859F2658F1750038C0EC /* Release */ = {
			isa = XCBuildConfiguration;
			buildSettings = {
				ALWAYS_SEARCH_USER_PATHS = NO;
				CLANG_ANALYZER_NONNULL = YES;
				CLANG_ANALYZER_NUMBER_OBJECT_CONVERSION = YES_AGGRESSIVE;
				CLANG_CXX_LANGUAGE_STANDARD = "gnu++14";
				CLANG_CXX_LIBRARY = "libc++";
				CLANG_ENABLE_MODULES = YES;
				CLANG_ENABLE_OBJC_ARC = YES;
				CLANG_ENABLE_OBJC_WEAK = YES;
				CLANG_WARN_BLOCK_CAPTURE_AUTORELEASING = YES;
				CLANG_WARN_BOOL_CONVERSION = YES;
				CLANG_WARN_COMMA = YES;
				CLANG_WARN_CONSTANT_CONVERSION = YES;
				CLANG_WARN_DEPRECATED_OBJC_IMPLEMENTATIONS = YES;
				CLANG_WARN_DIRECT_OBJC_ISA_USAGE = YES_ERROR;
				CLANG_WARN_DOCUMENTATION_COMMENTS = YES;
				CLANG_WARN_EMPTY_BODY = YES;
				CLANG_WARN_ENUM_CONVERSION = YES;
				CLANG_WARN_INFINITE_RECURSION = YES;
				CLANG_WARN_INT_CONVERSION = YES;
				CLANG_WARN_NON_LITERAL_NULL_CONVERSION = YES;
				CLANG_WARN_OBJC_IMPLICIT_RETAIN_SELF = YES;
				CLANG_WARN_OBJC_LITERAL_CONVERSION = YES;
				CLANG_WARN_OBJC_ROOT_CLASS = YES_ERROR;
				CLANG_WARN_QUOTED_INCLUDE_IN_FRAMEWORK_HEADER = YES;
				CLANG_WARN_RANGE_LOOP_ANALYSIS = YES;
				CLANG_WARN_STRICT_PROTOTYPES = YES;
				CLANG_WARN_SUSPICIOUS_MOVE = YES;
				CLANG_WARN_UNGUARDED_AVAILABILITY = YES_AGGRESSIVE;
				CLANG_WARN_UNREACHABLE_CODE = YES;
				CLANG_WARN__DUPLICATE_METHOD_MATCH = YES;
				COPY_PHASE_STRIP = NO;
				DEBUG_INFORMATION_FORMAT = "dwarf-with-dsym";
				ENABLE_NS_ASSERTIONS = NO;
				ENABLE_STRICT_OBJC_MSGSEND = YES;
				GCC_C_LANGUAGE_STANDARD = gnu11;
				GCC_NO_COMMON_BLOCKS = YES;
				GCC_WARN_64_TO_32_BIT_CONVERSION = YES;
				GCC_WARN_ABOUT_RETURN_TYPE = YES_ERROR;
				GCC_WARN_UNDECLARED_SELECTOR = YES;
				GCC_WARN_UNINITIALIZED_AUTOS = YES_AGGRESSIVE;
				GCC_WARN_UNUSED_FUNCTION = YES;
				GCC_WARN_UNUSED_VARIABLE = YES;
				IPHONEOS_DEPLOYMENT_TARGET = 14.4;
				MTL_ENABLE_DEBUG_INFO = NO;
				MTL_FAST_MATH = YES;
				SDKROOT = iphoneos;
				SWIFT_COMPILATION_MODE = wholemodule;
				SWIFT_OPTIMIZATION_LEVEL = "-O";
				VALIDATE_PRODUCT = YES;
			};
			name = Release;
		};
		8BCF85A12658F1750038C0EC /* Debug */ = {
			isa = XCBuildConfiguration;
			buildSettings = {
				ASSETCATALOG_COMPILER_APPICON_NAME = AppIcon;
				ASSETCATALOG_COMPILER_GLOBAL_ACCENT_COLOR_NAME = AccentColor;
				CODE_SIGN_STYLE = Automatic;
				DEVELOPMENT_TEAM = WJHS94CMKU;
				FRAMEWORK_SEARCH_PATHS = (
					"$(inherited)",
					"$(PROJECT_DIR)/Carthage/Build/iOS",
				);
				INFOPLIST_FILE = VkNewsFeed/Info.plist;
				LD_RUNPATH_SEARCH_PATHS = (
					"$(inherited)",
					"@executable_path/Frameworks",
				);
				PRODUCT_BUNDLE_IDENTIFIER = com.xcritical.VkNewsFeed;
				PRODUCT_NAME = "$(TARGET_NAME)";
				SWIFT_VERSION = 5.0;
				TARGETED_DEVICE_FAMILY = "1,2";
				VALIDATE_WORKSPACE = NO;
			};
			name = Debug;
		};
		8BCF85A22658F1750038C0EC /* Release */ = {
			isa = XCBuildConfiguration;
			buildSettings = {
				ASSETCATALOG_COMPILER_APPICON_NAME = AppIcon;
				ASSETCATALOG_COMPILER_GLOBAL_ACCENT_COLOR_NAME = AccentColor;
				CODE_SIGN_STYLE = Automatic;
				DEVELOPMENT_TEAM = WJHS94CMKU;
				FRAMEWORK_SEARCH_PATHS = (
					"$(inherited)",
					"$(PROJECT_DIR)/Carthage/Build/iOS",
				);
				INFOPLIST_FILE = VkNewsFeed/Info.plist;
				LD_RUNPATH_SEARCH_PATHS = (
					"$(inherited)",
					"@executable_path/Frameworks",
				);
				PRODUCT_BUNDLE_IDENTIFIER = com.xcritical.VkNewsFeed;
				PRODUCT_NAME = "$(TARGET_NAME)";
				SWIFT_VERSION = 5.0;
				TARGETED_DEVICE_FAMILY = "1,2";
				VALIDATE_WORKSPACE = NO;
			};
			name = Release;
		};
/* End XCBuildConfiguration section */

/* Begin XCConfigurationList section */
		8BCF85872658F16F0038C0EC /* Build configuration list for PBXProject "VkNewsFeed" */ = {
			isa = XCConfigurationList;
			buildConfigurations = (
				8BCF859E2658F1750038C0EC /* Debug */,
				8BCF859F2658F1750038C0EC /* Release */,
			);
			defaultConfigurationIsVisible = 0;
			defaultConfigurationName = Release;
		};
		8BCF85A02658F1750038C0EC /* Build configuration list for PBXNativeTarget "VkNewsFeed" */ = {
			isa = XCConfigurationList;
			buildConfigurations = (
				8BCF85A12658F1750038C0EC /* Debug */,
				8BCF85A22658F1750038C0EC /* Release */,
			);
			defaultConfigurationIsVisible = 0;
			defaultConfigurationName = Release;
		};
/* End XCConfigurationList section */
	};
	rootObject = 8BCF85842658F16F0038C0EC /* Project object */;
}
